
Microsoft Visual Studio Solution File, Format Version 12.00
# Visual Studio Version 17
VisualStudioVersion = 17.14.36705.20 d17.14
MinimumVisualStudioVersion = 10.0.40219.1
Project("{FAE04EC0-301F-11D3-BF4B-00C04F79EFBC}") = "GYM Management System", "GYM Management System\GYM Management System.csproj", "{D96FC46C-C5BD-4CE2-AC27-DA2B32AF97DE}"
EndProject
Global
	GlobalSection(SolutionConfigurationPlatforms) = preSolution
		Debug|Any CPU = Debug|Any CPU
		Release|Any CPU = Release|Any CPU
	EndGlobalSection
	GlobalSection(ProjectConfigurationPlatforms) = postSolution
		{D96FC46C-C5BD-4CE2-AC27-DA2B32AF97DE}.Debug|Any CPU.ActiveCfg = Debug|Any CPU
		{D96FC46C-C5BD-4CE2-AC27-DA2B32AF97DE}.Debug|Any CPU.Build.0 = Debug|Any CPU
		{D96FC46C-C5BD-4CE2-AC27-DA2B32AF97DE}.Release|Any CPU.ActiveCfg = Release|Any CPU
		{D96FC46C-C5BD-4CE2-AC27-DA2B32AF97DE}.Release|Any CPU.Build.0 = Release|Any CPU
	EndGlobalSection
	GlobalSection(SolutionProperties) = preSolution
		HideSolutionNode = FALSE
	EndGlobalSection
	GlobalSection(ExtensibilityGlobals) = postSolution
		SolutionGuid = {380CFD5A-9245-45ED-BCB9-3A9B136528D1}
	EndGlobalSection
EndGlobal
